schema: '2.0'
stages:
  prepare:
    cmd: python src/prepare.py
    deps:
    - path: data/raw/iris.csv
      hash: md5
      md5: 013d0da08d6506664ce640459139176b
      size: 3858
    - path: src/prepare.py
      hash: md5
      md5: 26c0611268b5f88c2d2aa9f681fc4ee5
      size: 1111
    outs:
    - path: data/processed
      hash: md5
      md5: a2069047f3bcfc66b2ab444aa66247ef.dir
      size: 4068
      nfiles: 2
  train:
    cmd: python src/train.py
    deps:
    - path: data/processed
      hash: md5
      md5: a2069047f3bcfc66b2ab444aa66247ef.dir
      size: 4068
      nfiles: 2
    - path: src/train.py
      hash: md5
      md5: 8ff76f2ad61aec4b5083a1d04301833a
      size: 2088
    outs:
    - path: model.pkl
      hash: md5
      md5: 40d6f4e909483073c5ccfcc2965fc668
      size: 957
